<?xml version="1.0" encoding="utf-8"?>
<Project ToolsVersion="4.0" xmlns="http://schemas.microsoft.com/developer/msbuild/2003">
  <ItemGroup>
    <Filter Include="Common">
      <UniqueIdentifier>a1825969-12fe-4873-a6f9-94d05e23b5ff</UniqueIdentifier>
    </Filter>
    <Filter Include="Assets">
      <UniqueIdentifier>b5963be3-2146-424a-bd0c-f030768025a5</UniqueIdentifier>
      <Extensions>ico;cur;bmp;dds;dlg;fbx;rct;bin;rgs;gif;jpg;jpeg;jpe;resx;tga;tiff;tif;png;wav;mfcribbon-ms</Extensions>
    </Filter>
    <Filter Include="Shader">
      <UniqueIdentifier>{69be54b9-69ff-4aaa-888c-1e8dbbf714ec}</UniqueIdentifier>
    </Filter>
  </ItemGroup>
  <ItemGroup>
    <ClInclude Include="pch.h" />
    <ClInclude Include="Game.h" />
    <ClInclude Include="StepTimer.h">
      <Filter>Common</Filter>
    </ClInclude>
    <ClInclude Include="DeviceResources.h">
      <Filter>Common</Filter>
    </ClInclude>
    <ClInclude Include="Shader\MyEffect.h">
      <Filter>Shader</Filter>
    </ClInclude>
    <ClInclude Include="Shader\MyEffectFactory.h">
      <Filter>Shader</Filter>
    </ClInclude>
    <ClInclude Include="ReadData.h" />
    <ClInclude Include="Grid.h" />
    <ClInclude Include="resource.h" />
  </ItemGroup>
  <ItemGroup>
    <ClCompile Include="pch.cpp" />
    <ClCompile Include="Game.cpp" />
    <ClCompile Include="Main.cpp" />
    <ClCompile Include="DeviceResources.cpp">
      <Filter>Common</Filter>
    </ClCompile>
    <ClCompile Include="Shader\MyEffect.cpp">
      <Filter>Shader</Filter>
    </ClCompile>
    <ClCompile Include="Shader\MyEffectFactory.cpp">
      <Filter>Shader</Filter>
    </ClCompile>
    <ClCompile Include="Grid.cpp" />
  </ItemGroup>
  <ItemGroup>
    <Image Include="directx.ico">
      <Filter>Assets</Filter>
    </Image>
  </ItemGroup>
  <ItemGroup>
    <Manifest Include="settings.manifest">
      <Filter>Assets</Filter>
    </Manifest>
  </ItemGroup>
  <ItemGroup>
    <FxCompile Include="Shader\PixelShader.hlsl">
      <Filter>Shader</Filter>
    </FxCompile>
    <FxCompile Include="Shader\VertexShader.hlsl">
      <Filter>Shader</Filter>
    </FxCompile>
  </ItemGroup>
  <ItemGroup>
    <ResourceCompile Include="dx11-specular-teapot.rc" />
  </ItemGroup>
  <ItemGroup>
    <None Include="Assets\verdana.spritefont">
      <Filter>Assets</Filter>
    </None>
  </ItemGroup>
</Project>